
Microsoft Visual Studio Solution File, Format Version 12.00
# Visual Studio Version 16
VisualStudioVersion = 16.6.30114.105
MinimumVisualStudioVersion = 10.0.40219.1
Project("{FAE04EC0-301F-11D3-BF4B-00C04F79EFBC}") = "API", "API\API.csproj", "{BF7443BF-7D46-4C10-BE70-888DFA0A901C}"
EndProject
Project("{FAE04EC0-301F-11D3-BF4B-00C04F79EFBC}") = "Core", "Core\Core.csproj", "{2AB40C4F-50CD-45A4-A9C3-1E58C9630543}"
EndProject
Project("{FAE04EC0-301F-11D3-BF4B-00C04F79EFBC}") = "Infrastructure", "Infrastructure\Infrastructure.csproj", "{9C11E01A-CD89-4E00-B7EE-6501BD74B935}"
EndProject
Global
	GlobalSection(SolutionConfigurationPlatforms) = preSolution
		Debug|Any CPU = Debug|Any CPU
		Debug|x64 = Debug|x64
		Debug|x86 = Debug|x86
		Release|Any CPU = Release|Any CPU
		Release|x64 = Release|x64
		Release|x86 = Release|x86
	EndGlobalSection
	GlobalSection(SolutionProperties) = preSolution
		HideSolutionNode = FALSE
	EndGlobalSection
	GlobalSection(ProjectConfigurationPlatforms) = postSolution
		{BF7443BF-7D46-4C10-BE70-888DFA0A901C}.Debug|Any CPU.ActiveCfg = Debug|Any CPU
		{BF7443BF-7D46-4C10-BE70-888DFA0A901C}.Debug|Any CPU.Build.0 = Debug|Any CPU
		{BF7443BF-7D46-4C10-BE70-888DFA0A901C}.Debug|x64.ActiveCfg = Debug|Any CPU
		{BF7443BF-7D46-4C10-BE70-888DFA0A901C}.Debug|x64.Build.0 = Debug|Any CPU
		{BF7443BF-7D46-4C10-BE70-888DFA0A901C}.Debug|x86.ActiveCfg = Debug|Any CPU
		{BF7443BF-7D46-4C10-BE70-888DFA0A901C}.Debug|x86.Build.0 = Debug|Any CPU
		{BF7443BF-7D46-4C10-BE70-888DFA0A901C}.Release|Any CPU.ActiveCfg = Release|Any CPU
		{BF7443BF-7D46-4C10-BE70-888DFA0A901C}.Release|Any CPU.Build.0 = Release|Any CPU
		{BF7443BF-7D46-4C10-BE70-888DFA0A901C}.Release|x64.ActiveCfg = Release|Any CPU
		{BF7443BF-7D46-4C10-BE70-888DFA0A901C}.Release|x64.Build.0 = Release|Any CPU
		{BF7443BF-7D46-4C10-BE70-888DFA0A901C}.Release|x86.ActiveCfg = Release|Any CPU
		{BF7443BF-7D46-4C10-BE70-888DFA0A901C}.Release|x86.Build.0 = Release|Any CPU
		{2AB40C4F-50CD-45A4-A9C3-1E58C9630543}.Debug|Any CPU.ActiveCfg = Debug|Any CPU
		{2AB40C4F-50CD-45A4-A9C3-1E58C9630543}.Debug|Any CPU.Build.0 = Debug|Any CPU
		{2AB40C4F-50CD-45A4-A9C3-1E58C9630543}.Debug|x64.ActiveCfg = Debug|Any CPU
		{2AB40C4F-50CD-45A4-A9C3-1E58C9630543}.Debug|x64.Build.0 = Debug|Any CPU
		{2AB40C4F-50CD-45A4-A9C3-1E58C9630543}.Debug|x86.ActiveCfg = Debug|Any CPU
		{2AB40C4F-50CD-45A4-A9C3-1E58C9630543}.Debug|x86.Build.0 = Debug|Any CPU
		{2AB40C4F-50CD-45A4-A9C3-1E58C9630543}.Release|Any CPU.ActiveCfg = Release|Any CPU
		{2AB40C4F-50CD-45A4-A9C3-1E58C9630543}.Release|Any CPU.Build.0 = Release|Any CPU
		{2AB40C4F-50CD-45A4-A9C3-1E58C9630543}.Release|x64.ActiveCfg = Release|Any CPU
		{2AB40C4F-50CD-45A4-A9C3-1E58C9630543}.Release|x64.Build.0 = Release|Any CPU
		{2AB40C4F-50CD-45A4-A9C3-1E58C9630543}.Release|x86.ActiveCfg = Release|Any CPU
		{2AB40C4F-50CD-45A4-A9C3-1E58C9630543}.Release|x86.Build.0 = Release|Any CPU
		{9C11E01A-CD89-4E00-B7EE-6501BD74B935}.Debug|Any CPU.ActiveCfg = Debug|Any CPU
		{9C11E01A-CD89-4E00-B7EE-6501BD74B935}.Debug|Any CPU.Build.0 = Debug|Any CPU
		{9C11E01A-CD89-4E00-B7EE-6501BD74B935}.Debug|x64.ActiveCfg = Debug|Any CPU
		{9C11E01A-CD89-4E00-B7EE-6501BD74B935}.Debug|x64.Build.0 = Debug|Any CPU
		{9C11E01A-CD89-4E00-B7EE-6501BD74B935}.Debug|x86.ActiveCfg = Debug|Any CPU
		{9C11E01A-CD89-4E00-B7EE-6501BD74B935}.Debug|x86.Build.0 = Debug|Any CPU
		{9C11E01A-CD89-4E00-B7EE-6501BD74B935}.Release|Any CPU.ActiveCfg = Release|Any CPU
		{9C11E01A-CD89-4E00-B7EE-6501BD74B935}.Release|Any CPU.Build.0 = Release|Any CPU
		{9C11E01A-CD89-4E00-B7EE-6501BD74B935}.Release|x64.ActiveCfg = Release|Any CPU
		{9C11E01A-CD89-4E00-B7EE-6501BD74B935}.Release|x64.Build.0 = Release|Any CPU
		{9C11E01A-CD89-4E00-B7EE-6501BD74B935}.Release|x86.ActiveCfg = Release|Any CPU
		{9C11E01A-CD89-4E00-B7EE-6501BD74B935}.Release|x86.Build.0 = Release|Any CPU
	EndGlobalSection
EndGlobal
