
Microsoft Visual Studio Solution File, Format Version 12.00
# Visual Studio Version 17
VisualStudioVersion = 17.0.31903.59
MinimumVisualStudioVersion = 10.0.40219.1
Project("{FAE04EC0-301F-11D3-BF4B-00C04F79EFBC}") = "API", "API\API.csproj", "{C4DC7592-9224-41C1-B4C6-E2D9C72667B8}"
EndProject
Project("{FAE04EC0-301F-11D3-BF4B-00C04F79EFBC}") = "Core", "Core\Core.csproj", "{5AF989E1-3B8D-4836-AD73-CC6215E409FB}"
EndProject
Project("{FAE04EC0-301F-11D3-BF4B-00C04F79EFBC}") = "Infrastructure", "Infrastructure\Infrastructure.csproj", "{3BAC064C-E4B5-4CF4-81CA-1CCFC36FFCAD}"
EndProject
Global
	GlobalSection(SolutionConfigurationPlatforms) = preSolution
		Debug|Any CPU = Debug|Any CPU
		Release|Any CPU = Release|Any CPU
	EndGlobalSection
	GlobalSection(SolutionProperties) = preSolution
		HideSolutionNode = FALSE
	EndGlobalSection
	GlobalSection(ProjectConfigurationPlatforms) = postSolution
		{C4DC7592-9224-41C1-B4C6-E2D9C72667B8}.Debug|Any CPU.ActiveCfg = Debug|Any CPU
		{C4DC7592-9224-41C1-B4C6-E2D9C72667B8}.Debug|Any CPU.Build.0 = Debug|Any CPU
		{C4DC7592-9224-41C1-B4C6-E2D9C72667B8}.Release|Any CPU.ActiveCfg = Release|Any CPU
		{C4DC7592-9224-41C1-B4C6-E2D9C72667B8}.Release|Any CPU.Build.0 = Release|Any CPU
		{5AF989E1-3B8D-4836-AD73-CC6215E409FB}.Debug|Any CPU.ActiveCfg = Debug|Any CPU
		{5AF989E1-3B8D-4836-AD73-CC6215E409FB}.Debug|Any CPU.Build.0 = Debug|Any CPU
		{5AF989E1-3B8D-4836-AD73-CC6215E409FB}.Release|Any CPU.ActiveCfg = Release|Any CPU
		{5AF989E1-3B8D-4836-AD73-CC6215E409FB}.Release|Any CPU.Build.0 = Release|Any CPU
		{3BAC064C-E4B5-4CF4-81CA-1CCFC36FFCAD}.Debug|Any CPU.ActiveCfg = Debug|Any CPU
		{3BAC064C-E4B5-4CF4-81CA-1CCFC36FFCAD}.Debug|Any CPU.Build.0 = Debug|Any CPU
		{3BAC064C-E4B5-4CF4-81CA-1CCFC36FFCAD}.Release|Any CPU.ActiveCfg = Release|Any CPU
		{3BAC064C-E4B5-4CF4-81CA-1CCFC36FFCAD}.Release|Any CPU.Build.0 = Release|Any CPU
	EndGlobalSection
EndGlobal
